// !$*UTF8*$!
{
	archiveVersion = 1;
	classes = {
	};
	objectVersion = 50;
	objects = {

/* Begin PBXBuildFile section */
		197A17182565131A003C402A /* AppDelegate.swift in Sources */ = {isa = PBXBuildFile; fileRef = 197A17172565131A003C402A /* AppDelegate.swift */; };
		197A171A2565131A003C402A /* ViewController.swift in Sources */ = {isa = PBXBuildFile; fileRef = 197A17192565131A003C402A /* ViewController.swift */; };
		197A171D2565131A003C402A /* Main.storyboard in Resources */ = {isa = PBXBuildFile; fileRef = 197A171B2565131A003C402A /* Main.storyboard */; };
		197A171F2565131C003C402A /* Assets.xcassets in Resources */ = {isa = PBXBuildFile; fileRef = 197A171E2565131C003C402A /* Assets.xcassets */; };
		197A17222565131C003C402A /* LaunchScreen.storyboard in Resources */ = {isa = PBXBuildFile; fileRef = 197A17202565131C003C402A /* LaunchScreen.storyboard */; };
		197A172D2565131C003C402A /* NennosPizzaTests.swift in Sources */ = {isa = PBXBuildFile; fileRef = 197A172C2565131C003C402A /* NennosPizzaTests.swift */; };
/* End PBXBuildFile section */

/* Begin PBXContainerItemProxy section */
		197A17292565131C003C402A /* PBXContainerItemProxy */ = {
			isa = PBXContainerItemProxy;
			containerPortal = 197A170C2565131A003C402A /* Project object */;
			proxyType = 1;
			remoteGlobalIDString = 197A17132565131A003C402A;
			remoteInfo = NennosPizza;
		};
/* End PBXContainerItemProxy section */

/* Begin PBXFileReference section */
		197A17142565131A003C402A /* NennosPizza.app */ = {isa = PBXFileReference; explicitFileType = wrapper.application; includeInIndex = 0; path = NennosPizza.app; sourceTree = BUILT_PRODUCTS_DIR; };
		197A17172565131A003C402A /* AppDelegate.swift */ = {isa = PBXFileReference; lastKnownFileType = sourcecode.swift; path = AppDelegate.swift; sourceTree = "<group>"; };
		197A17192565131A003C402A /* ViewController.swift */ = {isa = PBXFileReference; lastKnownFileType = sourcecode.swift; path = ViewController.swift; sourceTree = "<group>"; };
		197A171C2565131A003C402A /* Base */ = {isa = PBXFileReference; lastKnownFileType = file.storyboard; name = Base; path = Base.lproj/Main.storyboard; sourceTree = "<group>"; };
		197A171E2565131C003C402A /* Assets.xcassets */ = {isa = PBXFileReference; lastKnownFileType = folder.assetcatalog; path = Assets.xcassets; sourceTree = "<group>"; };
		197A17212565131C003C402A /* Base */ = {isa = PBXFileReference; lastKnownFileType = file.storyboard; name = Base; path = Base.lproj/LaunchScreen.storyboard; sourceTree = "<group>"; };
		197A17232565131C003C402A /* Info.plist */ = {isa = PBXFileReference; lastKnownFileType = text.plist.xml; path = Info.plist; sourceTree = "<group>"; };
		197A17282565131C003C402A /* NennosPizzaTests.xctest */ = {isa = PBXFileReference; explicitFileType = wrapper.cfbundle; includeInIndex = 0; path = NennosPizzaTests.xctest; sourceTree = BUILT_PRODUCTS_DIR; };
		197A172C2565131C003C402A /* NennosPizzaTests.swift */ = {isa = PBXFileReference; lastKnownFileType = sourcecode.swift; path = NennosPizzaTests.swift; sourceTree = "<group>"; };
		197A172E2565131C003C402A /* Info.plist */ = {isa = PBXFileReference; lastKnownFileType = text.plist.xml; path = Info.plist; sourceTree = "<group>"; };
/* End PBXFileReference section */

/* Begin PBXFrameworksBuildPhase section */
		197A17112565131A003C402A /* Frameworks */ = {
			isa = PBXFrameworksBuildPhase;
			buildActionMask = 2147483647;
			files = (
			);
			runOnlyForDeploymentPostprocessing = 0;
		};
		197A17252565131C003C402A /* Frameworks */ = {
			isa = PBXFrameworksBuildPhase;
			buildActionMask = 2147483647;
			files = (
			);
			runOnlyForDeploymentPostprocessing = 0;
		};
/* End PBXFrameworksBuildPhase section */

/* Begin PBXGroup section */
		197A170B2565131A003C402A = {
			isa = PBXGroup;
			children = (
				197A17162565131A003C402A /* NennosPizza */,
				197A172B2565131C003C402A /* NennosPizzaTests */,
				197A17152565131A003C402A /* Products */,
			);
			sourceTree = "<group>";
		};
		197A17152565131A003C402A /* Products */ = {
			isa = PBXGroup;
			children = (
				197A17142565131A003C402A /* NennosPizza.app */,
				197A17282565131C003C402A /* NennosPizzaTests.xctest */,
			);
			name = Products;
			sourceTree = "<group>";
		};
		197A17162565131A003C402A /* NennosPizza */ = {
			isa = PBXGroup;
			children = (
				197A17172565131A003C402A /* AppDelegate.swift */,
				197A17192565131A003C402A /* ViewController.swift */,
				197A171B2565131A003C402A /* Main.storyboard */,
				197A171E2565131C003C402A /* Assets.xcassets */,
				197A17202565131C003C402A /* LaunchScreen.storyboard */,
				197A17232565131C003C402A /* Info.plist */,
			);
			path = NennosPizza;
			sourceTree = "<group>";
		};
		197A172B2565131C003C402A /* NennosPizzaTests */ = {
			isa = PBXGroup;
			children = (
				197A172C2565131C003C402A /* NennosPizzaTests.swift */,
				197A172E2565131C003C402A /* Info.plist */,
			);
			path = NennosPizzaTests;
			sourceTree = "<group>";
		};
/* End PBXGroup section */

/* Begin PBXNativeTarget section */
		197A17132565131A003C402A /* NennosPizza */ = {
			isa = PBXNativeTarget;
			buildConfigurationList = 197A17312565131C003C402A /* Build configuration list for PBXNativeTarget "NennosPizza" */;
			buildPhases = (
				197A17102565131A003C402A /* Sources */,
				197A17112565131A003C402A /* Frameworks */,
				197A17122565131A003C402A /* Resources */,
			);
			buildRules = (
			);
			dependencies = (
			);
			name = NennosPizza;
			productName = NennosPizza;
			productReference = 197A17142565131A003C402A /* NennosPizza.app */;
			productType = "com.apple.product-type.application";
		};
		197A17272565131C003C402A /* NennosPizzaTests */ = {
			isa = PBXNativeTarget;
			buildConfigurationList = 197A17342565131C003C402A /* Build configuration list for PBXNativeTarget "NennosPizzaTests" */;
			buildPhases = (
				197A17242565131C003C402A /* Sources */,
				197A17252565131C003C402A /* Frameworks */,
				197A17262565131C003C402A /* Resources */,
			);
			buildRules = (
			);
			dependencies = (
				197A172A2565131C003C402A /* PBXTargetDependency */,
			);
			name = NennosPizzaTests;
			productName = NennosPizzaTests;
			productReference = 197A17282565131C003C402A /* NennosPizzaTests.xctest */;
			productType = "com.apple.product-type.bundle.unit-test";
		};
/* End PBXNativeTarget section */

/* Begin PBXProject section */
		197A170C2565131A003C402A /* Project object */ = {
			isa = PBXProject;
			attributes = {
				LastSwiftUpdateCheck = 1010;
				LastUpgradeCheck = 1010;
				ORGANIZATIONNAME = Docler;
				TargetAttributes = {
					197A17132565131A003C402A = {
						CreatedOnToolsVersion = 10.1;
					};
					197A17272565131C003C402A = {
						CreatedOnToolsVersion = 10.1;
						TestTargetID = 197A17132565131A003C402A;
					};
				};
			};
			buildConfigurationList = 197A170F2565131A003C402A /* Build configuration list for PBXProject "NennosPizza" */;
			compatibilityVersion = "Xcode 9.3";
			developmentRegion = en;
			hasScannedForEncodings = 0;
			knownRegions = (
				en,
				Base,
			);
			mainGroup = 197A170B2565131A003C402A;
			productRefGroup = 197A17152565131A003C402A /* Products */;
			projectDirPath = "";
			projectRoot = "";
			targets = (
				197A17132565131A003C402A /* NennosPizza */,
				197A17272565131C003C402A /* NennosPizzaTests */,
			);
		};
/* End PBXProject section */

/* Begin PBXResourcesBuildPhase section */
		197A17122565131A003C402A /* Resources */ = {
			isa = PBXResourcesBuildPhase;
			buildActionMask = 2147483647;
			files = (
				197A17222565131C003C402A /* LaunchScreen.storyboard in Resources */,
				197A171F2565131C003C402A /* Assets.xcassets in Resources */,
				197A171D2565131A003C402A /* Main.storyboard in Resources */,
			);
			runOnlyForDeploymentPostprocessing = 0;
		};
		197A17262565131C003C402A /* Resources */ = {
			isa = PBXResourcesBuildPhase;
			buildActionMask = 2147483647;
			files = (
			);
			runOnlyForDeploymentPostprocessing = 0;
		};
/* End PBXResourcesBuildPhase section */

/* Begin PBXSourcesBuildPhase section */
		197A17102565131A003C402A /* Sources */ = {
			isa = PBXSourcesBuildPhase;
			buildActionMask = 2147483647;
			files = (
				197A171A2565131A003C402A /* ViewController.swift in Sources */,
				197A17182565131A003C402A /* AppDelegate.swift in Sources */,
			);
			runOnlyForDeploymentPostprocessing = 0;
		};
		197A17242565131C003C402A /* Sources */ = {
			isa = PBXSourcesBuildPhase;
			buildActionMask = 2147483647;
			files = (
				197A172D2565131C003C402A /* NennosPizzaTests.swift in Sources */,
			);
			runOnlyForDeploymentPostprocessing = 0;
		};
/* End PBXSourcesBuildPhase section */

/* Begin PBXTargetDependency section */
		197A172A2565131C003C402A /* PBXTargetDependency */ = {
			isa = PBXTargetDependency;
			target = 197A17132565131A003C402A /* NennosPizza */;
			targetProxy = 197A17292565131C003C402A /* PBXContainerItemProxy */;
		};
/* End PBXTargetDependency section */

/* Begin PBXVariantGroup section */
		197A171B2565131A003C402A /* Main.storyboard */ = {
			isa = PBXVariantGroup;
			children = (
				197A171C2565131A003C402A /* Base */,
			);
			name = Main.storyboard;
			sourceTree = "<group>";
		};
		197A17202565131C003C402A /* LaunchScreen.storyboard */ = {
			isa = PBXVariantGroup;
			children = (
				197A17212565131C003C402A /* Base */,
			);
			name = LaunchScreen.storyboard;
			sourceTree = "<group>";
		};
/* End PBXVariantGroup section */

/* Begin XCBuildConfiguration section */
		197A172F2565131C003C402A /* Debug */ = {
			isa = XCBuildConfiguration;
			buildSettings = {
				ALWAYS_SEARCH_USER_PATHS = NO;
				CLANG_ANALYZER_NONNULL = YES;
				CLANG_ANALYZER_NUMBER_OBJECT_CONVERSION = YES_AGGRESSIVE;
				CLANG_CXX_LANGUAGE_STANDARD = "gnu++14";
				CLANG_CXX_LIBRARY = "libc++";
				CLANG_ENABLE_MODULES = YES;
				CLANG_ENABLE_OBJC_ARC = YES;
				CLANG_ENABLE_OBJC_WEAK = YES;
				CLANG_WARN_BLOCK_CAPTURE_AUTORELEASING = YES;
				CLANG_WARN_BOOL_CONVERSION = YES;
				CLANG_WARN_COMMA = YES;
				CLANG_WARN_CONSTANT_CONVERSION = YES;
				CLANG_WARN_DEPRECATED_OBJC_IMPLEMENTATIONS = YES;
				CLANG_WARN_DIRECT_OBJC_ISA_USAGE = YES_ERROR;
				CLANG_WARN_DOCUMENTATION_COMMENTS = YES;
				CLANG_WARN_EMPTY_BODY = YES;
				CLANG_WARN_ENUM_CONVERSION = YES;
				CLANG_WARN_INFINITE_RECURSION = YES;
				CLANG_WARN_INT_CONVERSION = YES;
				CLANG_WARN_NON_LITERAL_NULL_CONVERSION = YES;
				CLANG_WARN_OBJC_IMPLICIT_RETAIN_SELF = YES;
				CLANG_WARN_OBJC_LITERAL_CONVERSION = YES;
				CLANG_WARN_OBJC_ROOT_CLASS = YES_ERROR;
				CLANG_WARN_RANGE_LOOP_ANALYSIS = YES;
				CLANG_WARN_STRICT_PROTOTYPES = YES;
				CLANG_WARN_SUSPICIOUS_MOVE = YES;
				CLANG_WARN_UNGUARDED_AVAILABILITY = YES_AGGRESSIVE;
				CLANG_WARN_UNREACHABLE_CODE = YES;
				CLANG_WARN__DUPLICATE_METHOD_MATCH = YES;
				CODE_SIGN_IDENTITY = "iPhone Developer";
				COPY_PHASE_STRIP = NO;
				DEBUG_INFORMATION_FORMAT = dwarf;
				ENABLE_STRICT_OBJC_MSGSEND = YES;
				ENABLE_TESTABILITY = YES;
				GCC_C_LANGUAGE_STANDARD = gnu11;
				GCC_DYNAMIC_NO_PIC = NO;
				GCC_NO_COMMON_BLOCKS = YES;
				GCC_OPTIMIZATION_LEVEL = 0;
				GCC_PREPROCESSOR_DEFINITIONS = (
					"DEBUG=1",
					"$(inherited)",
				);
				GCC_WARN_64_TO_32_BIT_CONVERSION = YES;
				GCC_WARN_ABOUT_RETURN_TYPE = YES_ERROR;
				GCC_WARN_UNDECLARED_SELECTOR = YES;
				GCC_WARN_UNINITIALIZED_AUTOS = YES_AGGRESSIVE;
				GCC_WARN_UNUSED_FUNCTION = YES;
				GCC_WARN_UNUSED_VARIABLE = YES;
				IPHONEOS_DEPLOYMENT_TARGET = 12.1;
				MTL_ENABLE_DEBUG_INFO = INCLUDE_SOURCE;
				MTL_FAST_MATH = YES;
				ONLY_ACTIVE_ARCH = YES;
				SDKROOT = iphoneos;
				SWIFT_ACTIVE_COMPILATION_CONDITIONS = DEBUG;
				SWIFT_OPTIMIZATION_LEVEL = "-Onone";
			};
			name = Debug;
		};
		197A17302565131C003C402A /* Release */ = {
			isa = XCBuildConfiguration;
			buildSettings = {
				ALWAYS_SEARCH_USER_PATHS = NO;
				CLANG_ANALYZER_NONNULL = YES;
				CLANG_ANALYZER_NUMBER_OBJECT_CONVERSION = YES_AGGRESSIVE;
				CLANG_CXX_LANGUAGE_STANDARD = "gnu++14";
				CLANG_CXX_LIBRARY = "libc++";
				CLANG_ENABLE_MODULES = YES;
				CLANG_ENABLE_OBJC_ARC = YES;
				CLANG_ENABLE_OBJC_WEAK = YES;
				CLANG_WARN_BLOCK_CAPTURE_AUTORELEASING = YES;
				CLANG_WARN_BOOL_CONVERSION = YES;
				CLANG_WARN_COMMA = YES;
				CLANG_WARN_CONSTANT_CONVERSION = YES;
				CLANG_WARN_DEPRECATED_OBJC_IMPLEMENTATIONS = YES;
				CLANG_WARN_DIRECT_OBJC_ISA_USAGE = YES_ERROR;
				CLANG_WARN_DOCUMENTATION_COMMENTS = YES;
				CLANG_WARN_EMPTY_BODY = YES;
				CLANG_WARN_ENUM_CONVERSION = YES;
				CLANG_WARN_INFINITE_RECURSION = YES;
				CLANG_WARN_INT_CONVERSION = YES;
				CLANG_WARN_NON_LITERAL_NULL_CONVERSION = YES;
				CLANG_WARN_OBJC_IMPLICIT_RETAIN_SELF = YES;
				CLANG_WARN_OBJC_LITERAL_CONVERSION = YES;
				CLANG_WARN_OBJC_ROOT_CLASS = YES_ERROR;
				CLANG_WARN_RANGE_LOOP_ANALYSIS = YES;
				CLANG_WARN_STRICT_PROTOTYPES = YES;
				CLANG_WARN_SUSPICIOUS_MOVE = YES;
				CLANG_WARN_UNGUARDED_AVAILABILITY = YES_AGGRESSIVE;
				CLANG_WARN_UNREACHABLE_CODE = YES;
				CLANG_WARN__DUPLICATE_METHOD_MATCH = YES;
				CODE_SIGN_IDENTITY = "iPhone Developer";
				COPY_PHASE_STRIP = NO;
				DEBUG_INFORMATION_FORMAT = "dwarf-with-dsym";
				ENABLE_NS_ASSERTIONS = NO;
				ENABLE_STRICT_OBJC_MSGSEND = YES;
				GCC_C_LANGUAGE_STANDARD = gnu11;
				GCC_NO_COMMON_BLOCKS = YES;
				GCC_WARN_64_TO_32_BIT_CONVERSION = YES;
				GCC_WARN_ABOUT_RETURN_TYPE = YES_ERROR;
				GCC_WARN_UNDECLARED_SELECTOR = YES;
				GCC_WARN_UNINITIALIZED_AUTOS = YES_AGGRESSIVE;
				GCC_WARN_UNUSED_FUNCTION = YES;
				GCC_WARN_UNUSED_VARIABLE = YES;
				IPHONEOS_DEPLOYMENT_TARGET = 12.1;
				MTL_ENABLE_DEBUG_INFO = NO;
				MTL_FAST_MATH = YES;
				SDKROOT = iphoneos;
				SWIFT_COMPILATION_MODE = wholemodule;
				SWIFT_OPTIMIZATION_LEVEL = "-O";
				VALIDATE_PRODUCT = YES;
			};
			name = Release;
		};
		197A17322565131C003C402A /* Debug */ = {
			isa = XCBuildConfiguration;
			buildSettings = {
				ASSETCATALOG_COMPILER_APPICON_NAME = AppIcon;
				CODE_SIGN_STYLE = Automatic;
				DEVELOPMENT_TEAM = VCP3A5GQ62;
				INFOPLIST_FILE = NennosPizza/Info.plist;
				LD_RUNPATH_SEARCH_PATHS = (
					"$(inherited)",
					"@executable_path/Frameworks",
				);
				PRODUCT_BUNDLE_IDENTIFIER = Docler.NennosPizza;
				PRODUCT_NAME = "$(TARGET_NAME)";
				SWIFT_VERSION = 4.2;
				TARGETED_DEVICE_FAMILY = "1,2";
			};
			name = Debug;
		};
		197A17332565131C003C402A /* Release */ = {
			isa = XCBuildConfiguration;
			buildSettings = {
				ASSETCATALOG_COMPILER_APPICON_NAME = AppIcon;
				CODE_SIGN_STYLE = Automatic;
				DEVELOPMENT_TEAM = VCP3A5GQ62;
				INFOPLIST_FILE = NennosPizza/Info.plist;
				LD_RUNPATH_SEARCH_PATHS = (
					"$(inherited)",
					"@executable_path/Frameworks",
				);
				PRODUCT_BUNDLE_IDENTIFIER = Docler.NennosPizza;
				PRODUCT_NAME = "$(TARGET_NAME)";
				SWIFT_VERSION = 4.2;
				TARGETED_DEVICE_FAMILY = "1,2";
			};
			name = Release;
		};
		197A17352565131C003C402A /* Debug */ = {
			isa = XCBuildConfiguration;
			buildSettings = {
				ALWAYS_EMBED_SWIFT_STANDARD_LIBRARIES = YES;
				BUNDLE_LOADER = "$(TEST_HOST)";
				CODE_SIGN_STYLE = Automatic;
				DEVELOPMENT_TEAM = VCP3A5GQ62;
				INFOPLIST_FILE = NennosPizzaTests/Info.plist;
				LD_RUNPATH_SEARCH_PATHS = (
					"$(inherited)",
					"@executable_path/Frameworks",
					"@loader_path/Frameworks",
				);
				PRODUCT_BUNDLE_IDENTIFIER = Docler.NennosPizzaTests;
				PRODUCT_NAME = "$(TARGET_NAME)";
				SWIFT_VERSION = 4.2;
				TARGETED_DEVICE_FAMILY = "1,2";
				TEST_HOST = "$(BUILT_PRODUCTS_DIR)/NennosPizza.app/NennosPizza";
			};
			name = Debug;
		};
		197A17362565131C003C402A /* Release */ = {
			isa = XCBuildConfiguration;
			buildSettings = {
				ALWAYS_EMBED_SWIFT_STANDARD_LIBRARIES = YES;
				BUNDLE_LOADER = "$(TEST_HOST)";
				CODE_SIGN_STYLE = Automatic;
				DEVELOPMENT_TEAM = VCP3A5GQ62;
				INFOPLIST_FILE = NennosPizzaTests/Info.plist;
				LD_RUNPATH_SEARCH_PATHS = (
					"$(inherited)",
					"@executable_path/Frameworks",
					"@loader_path/Frameworks",
				);
				PRODUCT_BUNDLE_IDENTIFIER = Docler.NennosPizzaTests;
				PRODUCT_NAME = "$(TARGET_NAME)";
				SWIFT_VERSION = 4.2;
				TARGETED_DEVICE_FAMILY = "1,2";
				TEST_HOST = "$(BUILT_PRODUCTS_DIR)/NennosPizza.app/NennosPizza";
			};
			name = Release;
		};
/* End XCBuildConfiguration section */

/* Begin XCConfigurationList section */
		197A170F2565131A003C402A /* Build configuration list for PBXProject "NennosPizza" */ = {
			isa = XCConfigurationList;
			buildConfigurations = (
				197A172F2565131C003C402A /* Debug */,
				197A17302565131C003C402A /* Release */,
			);
			defaultConfigurationIsVisible = 0;
			defaultConfigurationName = Release;
		};
		197A17312565131C003C402A /* Build configuration list for PBXNativeTarget "NennosPizza" */ = {
			isa = XCConfigurationList;
			buildConfigurations = (
				197A17322565131C003C402A /* Debug */,
				197A17332565131C003C402A /* Release */,
			);
			defaultConfigurationIsVisible = 0;
			defaultConfigurationName = Release;
		};
		197A17342565131C003C402A /* Build configuration list for PBXNativeTarget "NennosPizzaTests" */ = {
			isa = XCConfigurationList;
			buildConfigurations = (
				197A17352565131C003C402A /* Debug */,
				197A17362565131C003C402A /* Release */,
			);
			defaultConfigurationIsVisible = 0;
			defaultConfigurationName = Release;
		};
/* End XCConfigurationList section */
	};
	rootObject = 197A170C2565131A003C402A /* Project object */;
}
